// !$*UTF8*$!
{
	archiveVersion = 1;
	classes = {
	};
	objectVersion = 50;
	objects = {

/* Begin PBXBuildFile section */
		7269741926B1BA4700343643 /* Singer+CoreDataClass.swift in Sources */ = {isa = PBXBuildFile; fileRef = 7269741726B1BA4700343643 /* Singer+CoreDataClass.swift */; };
		7269741A26B1BA4700343643 /* Singer+CoreDataProperties.swift in Sources */ = {isa = PBXBuildFile; fileRef = 7269741826B1BA4700343643 /* Singer+CoreDataProperties.swift */; };
		7269741C26B1BE4800343643 /* FilteredList.swift in Sources */ = {isa = PBXBuildFile; fileRef = 7269741B26B1BE4800343643 /* FilteredList.swift */; };
		7269742126B1C49100343643 /* Country+CoreDataClass.swift in Sources */ = {isa = PBXBuildFile; fileRef = 7269741D26B1C49100343643 /* Country+CoreDataClass.swift */; };
		7269742226B1C49100343643 /* Country+CoreDataProperties.swift in Sources */ = {isa = PBXBuildFile; fileRef = 7269741E26B1C49100343643 /* Country+CoreDataProperties.swift */; };
		7269742326B1C49100343643 /* Candy+CoreDataClass.swift in Sources */ = {isa = PBXBuildFile; fileRef = 7269741F26B1C49100343643 /* Candy+CoreDataClass.swift */; };
		7269742426B1C49100343643 /* Candy+CoreDataProperties.swift in Sources */ = {isa = PBXBuildFile; fileRef = 7269742026B1C49100343643 /* Candy+CoreDataProperties.swift */; };
		7273103926B04F4D00ABE0F5 /* AppDelegate.swift in Sources */ = {isa = PBXBuildFile; fileRef = 7273103826B04F4D00ABE0F5 /* AppDelegate.swift */; };
		7273103B26B04F4D00ABE0F5 /* SceneDelegate.swift in Sources */ = {isa = PBXBuildFile; fileRef = 7273103A26B04F4D00ABE0F5 /* SceneDelegate.swift */; };
		7273103D26B04F4D00ABE0F5 /* ContentView.swift in Sources */ = {isa = PBXBuildFile; fileRef = 7273103C26B04F4D00ABE0F5 /* ContentView.swift */; };
		7273104026B04F4D00ABE0F5 /* CoreDataProject.xcdatamodeld in Sources */ = {isa = PBXBuildFile; fileRef = 7273103E26B04F4D00ABE0F5 /* CoreDataProject.xcdatamodeld */; };
		7273104226B04F4F00ABE0F5 /* Assets.xcassets in Resources */ = {isa = PBXBuildFile; fileRef = 7273104126B04F4F00ABE0F5 /* Assets.xcassets */; };
		7273104526B04F4F00ABE0F5 /* Preview Assets.xcassets in Resources */ = {isa = PBXBuildFile; fileRef = 7273104426B04F4F00ABE0F5 /* Preview Assets.xcassets */; };
		7273104826B04F4F00ABE0F5 /* LaunchScreen.storyboard in Resources */ = {isa = PBXBuildFile; fileRef = 7273104626B04F4F00ABE0F5 /* LaunchScreen.storyboard */; };
		72C74F8E26B068C300B10C4F /* Movie+CoreDataClass.swift in Sources */ = {isa = PBXBuildFile; fileRef = 72C74F8C26B068C300B10C4F /* Movie+CoreDataClass.swift */; };
		72C74F8F26B068C300B10C4F /* Movie+CoreDataProperties.swift in Sources */ = {isa = PBXBuildFile; fileRef = 72C74F8D26B068C300B10C4F /* Movie+CoreDataProperties.swift */; };
/* End PBXBuildFile section */

/* Begin PBXFileReference section */
		7269741726B1BA4700343643 /* Singer+CoreDataClass.swift */ = {isa = PBXFileReference; lastKnownFileType = sourcecode.swift; path = "Singer+CoreDataClass.swift"; sourceTree = "<group>"; };
		7269741826B1BA4700343643 /* Singer+CoreDataProperties.swift */ = {isa = PBXFileReference; lastKnownFileType = sourcecode.swift; path = "Singer+CoreDataProperties.swift"; sourceTree = "<group>"; };
		7269741B26B1BE4800343643 /* FilteredList.swift */ = {isa = PBXFileReference; lastKnownFileType = sourcecode.swift; path = FilteredList.swift; sourceTree = "<group>"; };
		7269741D26B1C49100343643 /* Country+CoreDataClass.swift */ = {isa = PBXFileReference; lastKnownFileType = sourcecode.swift; path = "Country+CoreDataClass.swift"; sourceTree = "<group>"; };
		7269741E26B1C49100343643 /* Country+CoreDataProperties.swift */ = {isa = PBXFileReference; lastKnownFileType = sourcecode.swift; path = "Country+CoreDataProperties.swift"; sourceTree = "<group>"; };
		7269741F26B1C49100343643 /* Candy+CoreDataClass.swift */ = {isa = PBXFileReference; lastKnownFileType = sourcecode.swift; path = "Candy+CoreDataClass.swift"; sourceTree = "<group>"; };
		7269742026B1C49100343643 /* Candy+CoreDataProperties.swift */ = {isa = PBXFileReference; lastKnownFileType = sourcecode.swift; path = "Candy+CoreDataProperties.swift"; sourceTree = "<group>"; };
		7273103526B04F4D00ABE0F5 /* CoreDataProject.app */ = {isa = PBXFileReference; explicitFileType = wrapper.application; includeInIndex = 0; path = CoreDataProject.app; sourceTree = BUILT_PRODUCTS_DIR; };
		7273103826B04F4D00ABE0F5 /* AppDelegate.swift */ = {isa = PBXFileReference; lastKnownFileType = sourcecode.swift; path = AppDelegate.swift; sourceTree = "<group>"; };
		7273103A26B04F4D00ABE0F5 /* SceneDelegate.swift */ = {isa = PBXFileReference; lastKnownFileType = sourcecode.swift; path = SceneDelegate.swift; sourceTree = "<group>"; };
		7273103C26B04F4D00ABE0F5 /* ContentView.swift */ = {isa = PBXFileReference; lastKnownFileType = sourcecode.swift; path = ContentView.swift; sourceTree = "<group>"; };
		7273103F26B04F4D00ABE0F5 /* CoreDataProject.xcdatamodel */ = {isa = PBXFileReference; lastKnownFileType = wrapper.xcdatamodel; path = CoreDataProject.xcdatamodel; sourceTree = "<group>"; };
		7273104126B04F4F00ABE0F5 /* Assets.xcassets */ = {isa = PBXFileReference; lastKnownFileType = folder.assetcatalog; path = Assets.xcassets; sourceTree = "<group>"; };
		7273104426B04F4F00ABE0F5 /* Preview Assets.xcassets */ = {isa = PBXFileReference; lastKnownFileType = folder.assetcatalog; path = "Preview Assets.xcassets"; sourceTree = "<group>"; };
		7273104726B04F4F00ABE0F5 /* Base */ = {isa = PBXFileReference; lastKnownFileType = file.storyboard; name = Base; path = Base.lproj/LaunchScreen.storyboard; sourceTree = "<group>"; };
		7273104926B04F4F00ABE0F5 /* Info.plist */ = {isa = PBXFileReference; lastKnownFileType = text.plist.xml; path = Info.plist; sourceTree = "<group>"; };
		72C74F8C26B068C300B10C4F /* Movie+CoreDataClass.swift */ = {isa = PBXFileReference; lastKnownFileType = sourcecode.swift; path = "Movie+CoreDataClass.swift"; sourceTree = "<group>"; };
		72C74F8D26B068C300B10C4F /* Movie+CoreDataProperties.swift */ = {isa = PBXFileReference; lastKnownFileType = sourcecode.swift; path = "Movie+CoreDataProperties.swift"; sourceTree = "<group>"; };
/* End PBXFileReference section */

/* Begin PBXFrameworksBuildPhase section */
		7273103226B04F4D00ABE0F5 /* Frameworks */ = {
			isa = PBXFrameworksBuildPhase;
			buildActionMask = 2147483647;
			files = (
			);
			runOnlyForDeploymentPostprocessing = 0;
		};
/* End PBXFrameworksBuildPhase section */

/* Begin PBXGroup section */
		7273102C26B04F4D00ABE0F5 = {
			isa = PBXGroup;
			children = (
				7269741D26B1C49100343643 /* Country+CoreDataClass.swift */,
				7269741E26B1C49100343643 /* Country+CoreDataProperties.swift */,
				7269741F26B1C49100343643 /* Candy+CoreDataClass.swift */,
				7269742026B1C49100343643 /* Candy+CoreDataProperties.swift */,
				7269741726B1BA4700343643 /* Singer+CoreDataClass.swift */,
				7269741826B1BA4700343643 /* Singer+CoreDataProperties.swift */,
				72C74F8C26B068C300B10C4F /* Movie+CoreDataClass.swift */,
				72C74F8D26B068C300B10C4F /* Movie+CoreDataProperties.swift */,
				7273103726B04F4D00ABE0F5 /* CoreDataProject */,
				7273103626B04F4D00ABE0F5 /* Products */,
			);
			sourceTree = "<group>";
		};
		7273103626B04F4D00ABE0F5 /* Products */ = {
			isa = PBXGroup;
			children = (
				7273103526B04F4D00ABE0F5 /* CoreDataProject.app */,
			);
			name = Products;
			sourceTree = "<group>";
		};
		7273103726B04F4D00ABE0F5 /* CoreDataProject */ = {
			isa = PBXGroup;
			children = (
				7273103826B04F4D00ABE0F5 /* AppDelegate.swift */,
				7273103A26B04F4D00ABE0F5 /* SceneDelegate.swift */,
				7273103C26B04F4D00ABE0F5 /* ContentView.swift */,
				7269741B26B1BE4800343643 /* FilteredList.swift */,
				7273104126B04F4F00ABE0F5 /* Assets.xcassets */,
				7273104626B04F4F00ABE0F5 /* LaunchScreen.storyboard */,
				7273104926B04F4F00ABE0F5 /* Info.plist */,
				7273103E26B04F4D00ABE0F5 /* CoreDataProject.xcdatamodeld */,
				7273104326B04F4F00ABE0F5 /* Preview Content */,
			);
			path = CoreDataProject;
			sourceTree = "<group>";
		};
		7273104326B04F4F00ABE0F5 /* Preview Content */ = {
			isa = PBXGroup;
			children = (
				7273104426B04F4F00ABE0F5 /* Preview Assets.xcassets */,
			);
			path = "Preview Content";
			sourceTree = "<group>";
		};
/* End PBXGroup section */

/* Begin PBXNativeTarget section */
		7273103426B04F4D00ABE0F5 /* CoreDataProject */ = {
			isa = PBXNativeTarget;
			buildConfigurationList = 7273104C26B04F4F00ABE0F5 /* Build configuration list for PBXNativeTarget "CoreDataProject" */;
			buildPhases = (
				7273103126B04F4D00ABE0F5 /* Sources */,
				7273103226B04F4D00ABE0F5 /* Frameworks */,
				7273103326B04F4D00ABE0F5 /* Resources */,
			);
			buildRules = (
			);
			dependencies = (
			);
			name = CoreDataProject;
			productName = CoreDataProject;
			productReference = 7273103526B04F4D00ABE0F5 /* CoreDataProject.app */;
			productType = "com.apple.product-type.application";
		};
/* End PBXNativeTarget section */

/* Begin PBXProject section */
		7273102D26B04F4D00ABE0F5 /* Project object */ = {
			isa = PBXProject;
			attributes = {
				LastSwiftUpdateCheck = 1250;
				LastUpgradeCheck = 1250;
				TargetAttributes = {
					7273103426B04F4D00ABE0F5 = {
						CreatedOnToolsVersion = 12.5;
					};
				};
			};
			buildConfigurationList = 7273103026B04F4D00ABE0F5 /* Build configuration list for PBXProject "CoreDataProject" */;
			compatibilityVersion = "Xcode 9.3";
			developmentRegion = en;
			hasScannedForEncodings = 0;
			knownRegions = (
				en,
				Base,
			);
			mainGroup = 7273102C26B04F4D00ABE0F5;
			productRefGroup = 7273103626B04F4D00ABE0F5 /* Products */;
			projectDirPath = "";
			projectRoot = "";
			targets = (
				7273103426B04F4D00ABE0F5 /* CoreDataProject */,
			);
		};
/* End PBXProject section */

/* Begin PBXResourcesBuildPhase section */
		7273103326B04F4D00ABE0F5 /* Resources */ = {
			isa = PBXResourcesBuildPhase;
			buildActionMask = 2147483647;
			files = (
				7273104826B04F4F00ABE0F5 /* LaunchScreen.storyboard in Resources */,
				7273104526B04F4F00ABE0F5 /* Preview Assets.xcassets in Resources */,
				7273104226B04F4F00ABE0F5 /* Assets.xcassets in Resources */,
			);
			runOnlyForDeploymentPostprocessing = 0;
		};
/* End PBXResourcesBuildPhase section */

/* Begin PBXSourcesBuildPhase section */
		7273103126B04F4D00ABE0F5 /* Sources */ = {
			isa = PBXSourcesBuildPhase;
			buildActionMask = 2147483647;
			files = (
				7269741926B1BA4700343643 /* Singer+CoreDataClass.swift in Sources */,
				7273103926B04F4D00ABE0F5 /* AppDelegate.swift in Sources */,
				7269741C26B1BE4800343643 /* FilteredList.swift in Sources */,
				7273103B26B04F4D00ABE0F5 /* SceneDelegate.swift in Sources */,
				7273104026B04F4D00ABE0F5 /* CoreDataProject.xcdatamodeld in Sources */,
				7269742426B1C49100343643 /* Candy+CoreDataProperties.swift in Sources */,
				72C74F8E26B068C300B10C4F /* Movie+CoreDataClass.swift in Sources */,
				7269742226B1C49100343643 /* Country+CoreDataProperties.swift in Sources */,
				7269741A26B1BA4700343643 /* Singer+CoreDataProperties.swift in Sources */,
				72C74F8F26B068C300B10C4F /* Movie+CoreDataProperties.swift in Sources */,
				7269742126B1C49100343643 /* Country+CoreDataClass.swift in Sources */,
				7273103D26B04F4D00ABE0F5 /* ContentView.swift in Sources */,
				7269742326B1C49100343643 /* Candy+CoreDataClass.swift in Sources */,
			);
			runOnlyForDeploymentPostprocessing = 0;
		};
/* End PBXSourcesBuildPhase section */

/* Begin PBXVariantGroup section */
		7273104626B04F4F00ABE0F5 /* LaunchScreen.storyboard */ = {
			isa = PBXVariantGroup;
			children = (
				7273104726B04F4F00ABE0F5 /* Base */,
			);
			name = LaunchScreen.storyboard;
			sourceTree = "<group>";
		};
/* End PBXVariantGroup section */

/* Begin XCBuildConfiguration section */
		7273104A26B04F4F00ABE0F5 /* Debug */ = {
			isa = XCBuildConfiguration;
			buildSettings = {
				ALWAYS_SEARCH_USER_PATHS = NO;
				CLANG_ANALYZER_NONNULL = YES;
				CLANG_ANALYZER_NUMBER_OBJECT_CONVERSION = YES_AGGRESSIVE;
				CLANG_CXX_LANGUAGE_STANDARD = "gnu++14";
				CLANG_CXX_LIBRARY = "libc++";
				CLANG_ENABLE_MODULES = YES;
				CLANG_ENABLE_OBJC_ARC = YES;
				CLANG_ENABLE_OBJC_WEAK = YES;
				CLANG_WARN_BLOCK_CAPTURE_AUTORELEASING = YES;
				CLANG_WARN_BOOL_CONVERSION = YES;
				CLANG_WARN_COMMA = YES;
				CLANG_WARN_CONSTANT_CONVERSION = YES;
				CLANG_WARN_DEPRECATED_OBJC_IMPLEMENTATIONS = YES;
				CLANG_WARN_DIRECT_OBJC_ISA_USAGE = YES_ERROR;
				CLANG_WARN_DOCUMENTATION_COMMENTS = YES;
				CLANG_WARN_EMPTY_BODY = YES;
				CLANG_WARN_ENUM_CONVERSION = YES;
				CLANG_WARN_INFINITE_RECURSION = YES;
				CLANG_WARN_INT_CONVERSION = YES;
				CLANG_WARN_NON_LITERAL_NULL_CONVERSION = YES;
				CLANG_WARN_OBJC_IMPLICIT_RETAIN_SELF = YES;
				CLANG_WARN_OBJC_LITERAL_CONVERSION = YES;
				CLANG_WARN_OBJC_ROOT_CLASS = YES_ERROR;
				CLANG_WARN_QUOTED_INCLUDE_IN_FRAMEWORK_HEADER = YES;
				CLANG_WARN_RANGE_LOOP_ANALYSIS = YES;
				CLANG_WARN_STRICT_PROTOTYPES = YES;
				CLANG_WARN_SUSPICIOUS_MOVE = YES;
				CLANG_WARN_UNGUARDED_AVAILABILITY = YES_AGGRESSIVE;
				CLANG_WARN_UNREACHABLE_CODE = YES;
				CLANG_WARN__DUPLICATE_METHOD_MATCH = YES;
				COPY_PHASE_STRIP = NO;
				DEBUG_INFORMATION_FORMAT = dwarf;
				ENABLE_STRICT_OBJC_MSGSEND = YES;
				ENABLE_TESTABILITY = YES;
				GCC_C_LANGUAGE_STANDARD = gnu11;
				GCC_DYNAMIC_NO_PIC = NO;
				GCC_NO_COMMON_BLOCKS = YES;
				GCC_OPTIMIZATION_LEVEL = 0;
				GCC_PREPROCESSOR_DEFINITIONS = (
					"DEBUG=1",
					"$(inherited)",
				);
				GCC_WARN_64_TO_32_BIT_CONVERSION = YES;
				GCC_WARN_ABOUT_RETURN_TYPE = YES_ERROR;
				GCC_WARN_UNDECLARED_SELECTOR = YES;
				GCC_WARN_UNINITIALIZED_AUTOS = YES_AGGRESSIVE;
				GCC_WARN_UNUSED_FUNCTION = YES;
				GCC_WARN_UNUSED_VARIABLE = YES;
				IPHONEOS_DEPLOYMENT_TARGET = 14.5;
				MTL_ENABLE_DEBUG_INFO = INCLUDE_SOURCE;
				MTL_FAST_MATH = YES;
				ONLY_ACTIVE_ARCH = YES;
				SDKROOT = iphoneos;
				SWIFT_ACTIVE_COMPILATION_CONDITIONS = DEBUG;
				SWIFT_OPTIMIZATION_LEVEL = "-Onone";
			};
			name = Debug;
		};
		7273104B26B04F4F00ABE0F5 /* Release */ = {
			isa = XCBuildConfiguration;
			buildSettings = {
				ALWAYS_SEARCH_USER_PATHS = NO;
				CLANG_ANALYZER_NONNULL = YES;
				CLANG_ANALYZER_NUMBER_OBJECT_CONVERSION = YES_AGGRESSIVE;
				CLANG_CXX_LANGUAGE_STANDARD = "gnu++14";
				CLANG_CXX_LIBRARY = "libc++";
				CLANG_ENABLE_MODULES = YES;
				CLANG_ENABLE_OBJC_ARC = YES;
				CLANG_ENABLE_OBJC_WEAK = YES;
				CLANG_WARN_BLOCK_CAPTURE_AUTORELEASING = YES;
				CLANG_WARN_BOOL_CONVERSION = YES;
				CLANG_WARN_COMMA = YES;
				CLANG_WARN_CONSTANT_CONVERSION = YES;
				CLANG_WARN_DEPRECATED_OBJC_IMPLEMENTATIONS = YES;
				CLANG_WARN_DIRECT_OBJC_ISA_USAGE = YES_ERROR;
				CLANG_WARN_DOCUMENTATION_COMMENTS = YES;
				CLANG_WARN_EMPTY_BODY = YES;
				CLANG_WARN_ENUM_CONVERSION = YES;
				CLANG_WARN_INFINITE_RECURSION = YES;
				CLANG_WARN_INT_CONVERSION = YES;
				CLANG_WARN_NON_LITERAL_NULL_CONVERSION = YES;
				CLANG_WARN_OBJC_IMPLICIT_RETAIN_SELF = YES;
				CLANG_WARN_OBJC_LITERAL_CONVERSION = YES;
				CLANG_WARN_OBJC_ROOT_CLASS = YES_ERROR;
				CLANG_WARN_QUOTED_INCLUDE_IN_FRAMEWORK_HEADER = YES;
				CLANG_WARN_RANGE_LOOP_ANALYSIS = YES;
				CLANG_WARN_STRICT_PROTOTYPES = YES;
				CLANG_WARN_SUSPICIOUS_MOVE = YES;
				CLANG_WARN_UNGUARDED_AVAILABILITY = YES_AGGRESSIVE;
				CLANG_WARN_UNREACHABLE_CODE = YES;
				CLANG_WARN__DUPLICATE_METHOD_MATCH = YES;
				COPY_PHASE_STRIP = NO;
				DEBUG_INFORMATION_FORMAT = "dwarf-with-dsym";
				ENABLE_NS_ASSERTIONS = NO;
				ENABLE_STRICT_OBJC_MSGSEND = YES;
				GCC_C_LANGUAGE_STANDARD = gnu11;
				GCC_NO_COMMON_BLOCKS = YES;
				GCC_WARN_64_TO_32_BIT_CONVERSION = YES;
				GCC_WARN_ABOUT_RETURN_TYPE = YES_ERROR;
				GCC_WARN_UNDECLARED_SELECTOR = YES;
				GCC_WARN_UNINITIALIZED_AUTOS = YES_AGGRESSIVE;
				GCC_WARN_UNUSED_FUNCTION = YES;
				GCC_WARN_UNUSED_VARIABLE = YES;
				IPHONEOS_DEPLOYMENT_TARGET = 14.5;
				MTL_ENABLE_DEBUG_INFO = NO;
				MTL_FAST_MATH = YES;
				SDKROOT = iphoneos;
				SWIFT_COMPILATION_MODE = wholemodule;
				SWIFT_OPTIMIZATION_LEVEL = "-O";
				VALIDATE_PRODUCT = YES;
			};
			name = Release;
		};
		7273104D26B04F4F00ABE0F5 /* Debug */ = {
			isa = XCBuildConfiguration;
			buildSettings = {
				ASSETCATALOG_COMPILER_APPICON_NAME = AppIcon;
				ASSETCATALOG_COMPILER_GLOBAL_ACCENT_COLOR_NAME = AccentColor;
				CODE_SIGN_STYLE = Automatic;
				DEVELOPMENT_ASSET_PATHS = "\"CoreDataProject/Preview Content\"";
				DEVELOPMENT_TEAM = S4G67KLBRN;
				ENABLE_PREVIEWS = YES;
				INFOPLIST_FILE = CoreDataProject/Info.plist;
				LD_RUNPATH_SEARCH_PATHS = (
					"$(inherited)",
					"@executable_path/Frameworks",
				);
				PRODUCT_BUNDLE_IDENTIFIER = "com.saj-panchal.herokuapp.CoreDataProject";
				PRODUCT_NAME = "$(TARGET_NAME)";
				SWIFT_VERSION = 5.0;
				TARGETED_DEVICE_FAMILY = "1,2";
			};
			name = Debug;
		};
		7273104E26B04F4F00ABE0F5 /* Release */ = {
			isa = XCBuildConfiguration;
			buildSettings = {
				ASSETCATALOG_COMPILER_APPICON_NAME = AppIcon;
				ASSETCATALOG_COMPILER_GLOBAL_ACCENT_COLOR_NAME = AccentColor;
				CODE_SIGN_STYLE = Automatic;
				DEVELOPMENT_ASSET_PATHS = "\"CoreDataProject/Preview Content\"";
				DEVELOPMENT_TEAM = S4G67KLBRN;
				ENABLE_PREVIEWS = YES;
				INFOPLIST_FILE = CoreDataProject/Info.plist;
				LD_RUNPATH_SEARCH_PATHS = (
					"$(inherited)",
					"@executable_path/Frameworks",
				);
				PRODUCT_BUNDLE_IDENTIFIER = "com.saj-panchal.herokuapp.CoreDataProject";
				PRODUCT_NAME = "$(TARGET_NAME)";
				SWIFT_VERSION = 5.0;
				TARGETED_DEVICE_FAMILY = "1,2";
			};
			name = Release;
		};
/* End XCBuildConfiguration section */

/* Begin XCConfigurationList section */
		7273103026B04F4D00ABE0F5 /* Build configuration list for PBXProject "CoreDataProject" */ = {
			isa = XCConfigurationList;
			buildConfigurations = (
				7273104A26B04F4F00ABE0F5 /* Debug */,
				7273104B26B04F4F00ABE0F5 /* Release */,
			);
			defaultConfigurationIsVisible = 0;
			defaultConfigurationName = Release;
		};
		7273104C26B04F4F00ABE0F5 /* Build configuration list for PBXNativeTarget "CoreDataProject" */ = {
			isa = XCConfigurationList;
			buildConfigurations = (
				7273104D26B04F4F00ABE0F5 /* Debug */,
				7273104E26B04F4F00ABE0F5 /* Release */,
			);
			defaultConfigurationIsVisible = 0;
			defaultConfigurationName = Release;
		};
/* End XCConfigurationList section */

/* Begin XCVersionGroup section */
		7273103E26B04F4D00ABE0F5 /* CoreDataProject.xcdatamodeld */ = {
			isa = XCVersionGroup;
			children = (
				7273103F26B04F4D00ABE0F5 /* CoreDataProject.xcdatamodel */,
			);
			currentVersion = 7273103F26B04F4D00ABE0F5 /* CoreDataProject.xcdatamodel */;
			path = CoreDataProject.xcdatamodeld;
			sourceTree = "<group>";
			versionGroupType = wrapper.xcdatamodel;
		};
/* End XCVersionGroup section */
	};
	rootObject = 7273102D26B04F4D00ABE0F5 /* Project object */;
}
